
Microsoft Visual Studio Solution File, Format Version 12.00
# Visual Studio Version 17
VisualStudioVersion = 17.2.32519.379
MinimumVisualStudioVersion = 10.0.40219.1
Project("{FAE04EC0-301F-11D3-BF4B-00C04F79EFBC}") = "ytdenme", "ytdenme\ytdenme.csproj", "{CE47A563-8D5E-4999-A87B-513F12BBAB89}"
EndProject
Global
	GlobalSection(SolutionConfigurationPlatforms) = preSolution
		Debug|Any CPU = Debug|Any CPU
		Release|Any CPU = Release|Any CPU
	EndGlobalSection
	GlobalSection(ProjectConfigurationPlatforms) = postSolution
		{CE47A563-8D5E-4999-A87B-513F12BBAB89}.Debug|Any CPU.ActiveCfg = Debug|Any CPU
		{CE47A563-8D5E-4999-A87B-513F12BBAB89}.Debug|Any CPU.Build.0 = Debug|Any CPU
		{CE47A563-8D5E-4999-A87B-513F12BBAB89}.Release|Any CPU.ActiveCfg = Release|Any CPU
		{CE47A563-8D5E-4999-A87B-513F12BBAB89}.Release|Any CPU.Build.0 = Release|Any CPU
	EndGlobalSection
	GlobalSection(SolutionProperties) = preSolution
		HideSolutionNode = FALSE
	EndGlobalSection
	GlobalSection(ExtensibilityGlobals) = postSolution
		SolutionGuid = {17D11DAA-8660-4884-8D8D-0810B1AFDDA4}
	EndGlobalSection
EndGlobal
